# This file is automatically @generated by Cargo.
# It is not intended for manual editing.
[[package]]
name = "component_a"
version = "0.1.0"
dependencies = [
 "display",
]

[[package]]
name = "component_b"
version = "0.1.0"
dependencies = [
 "component_a",
 "display",
]

[[package]]
name = "display"
version = "0.1.0"

[[package]]
name = "executive"
version = "0.1.0"
dependencies = [
 "component_a",
 "component_b",
 "display",
]
